
Microsoft Visual Studio Solution File, Format Version 12.00
# Visual Studio Version 17
VisualStudioVersion = 17.3.32929.385
MinimumVisualStudioVersion = 10.0.40219.1
Project("{FAE04EC0-301F-11D3-BF4B-00C04F79EFBC}") = "VerifyEmailForgotPassword", "VerifyEmailForgotPassword\VerifyEmailForgotPassword.csproj", "{301F7DE5-F41A-4E93-BEC1-CC3FBD3BD4D7}"
EndProject
Global
	GlobalSection(SolutionConfigurationPlatforms) = preSolution
		Debug|Any CPU = Debug|Any CPU
		Release|Any CPU = Release|Any CPU
	EndGlobalSection
	GlobalSection(ProjectConfigurationPlatforms) = postSolution
		{301F7DE5-F41A-4E93-BEC1-CC3FBD3BD4D7}.Debug|Any CPU.ActiveCfg = Debug|Any CPU
		{301F7DE5-F41A-4E93-BEC1-CC3FBD3BD4D7}.Debug|Any CPU.Build.0 = Debug|Any CPU
		{301F7DE5-F41A-4E93-BEC1-CC3FBD3BD4D7}.Release|Any CPU.ActiveCfg = Release|Any CPU
		{301F7DE5-F41A-4E93-BEC1-CC3FBD3BD4D7}.Release|Any CPU.Build.0 = Release|Any CPU
	EndGlobalSection
	GlobalSection(SolutionProperties) = preSolution
		HideSolutionNode = FALSE
	EndGlobalSection
	GlobalSection(ExtensibilityGlobals) = postSolution
		SolutionGuid = {0DC507AB-2B4E-4F03-AFE5-81C5541C8174}
	EndGlobalSection
EndGlobal
